
Microsoft Visual Studio Solution File, Format Version 12.00
# Visual Studio Version 17
VisualStudioVersion = 17.1.31903.286
MinimumVisualStudioVersion = 10.0.40219.1
Project("{FAE04EC0-301F-11D3-BF4B-00C04F79EFBC}") = "NetX", "NetX\NetX.csproj", "{7E2CAE4B-98D1-4A8E-AF2E-D7C6AFB2B4DD}"
EndProject
Project("{2150E333-8FDC-42A3-9474-1A3956D46DE8}") = "Samples", "Samples", "{83780E36-62A4-4496-9CBF-AE7106C79B0C}"
EndProject
Project("{FAE04EC0-301F-11D3-BF4B-00C04F79EFBC}") = "ServerClientSample", "samples\ServerClientSample\ServerClientSample.csproj", "{D01619AB-2D55-45B0-9310-D9546E346A1B}"
EndProject
Project("{2150E333-8FDC-42A3-9474-1A3956D46DE8}") = "tests", "tests", "{0AB3BF05-4346-4AA6-1389-037BE0695223}"
EndProject
Project("{FAE04EC0-301F-11D3-BF4B-00C04F79EFBC}") = "NetX.Tests", "tests\NetX.Tests\NetX.Tests.csproj", "{5916F04D-7786-4690-8655-BC5A2E89ECE9}"
EndProject
Global
	GlobalSection(SolutionConfigurationPlatforms) = preSolution
		Debug|Any CPU = Debug|Any CPU
		Debug|x64 = Debug|x64
		Debug|x86 = Debug|x86
		Release|Any CPU = Release|Any CPU
		Release|x64 = Release|x64
		Release|x86 = Release|x86
	EndGlobalSection
	GlobalSection(ProjectConfigurationPlatforms) = postSolution
		{7E2CAE4B-98D1-4A8E-AF2E-D7C6AFB2B4DD}.Debug|Any CPU.ActiveCfg = Debug|Any CPU
		{7E2CAE4B-98D1-4A8E-AF2E-D7C6AFB2B4DD}.Debug|Any CPU.Build.0 = Debug|Any CPU
		{7E2CAE4B-98D1-4A8E-AF2E-D7C6AFB2B4DD}.Debug|x64.ActiveCfg = Debug|Any CPU
		{7E2CAE4B-98D1-4A8E-AF2E-D7C6AFB2B4DD}.Debug|x64.Build.0 = Debug|Any CPU
		{7E2CAE4B-98D1-4A8E-AF2E-D7C6AFB2B4DD}.Debug|x86.ActiveCfg = Debug|Any CPU
		{7E2CAE4B-98D1-4A8E-AF2E-D7C6AFB2B4DD}.Debug|x86.Build.0 = Debug|Any CPU
		{7E2CAE4B-98D1-4A8E-AF2E-D7C6AFB2B4DD}.Release|Any CPU.ActiveCfg = Release|Any CPU
		{7E2CAE4B-98D1-4A8E-AF2E-D7C6AFB2B4DD}.Release|Any CPU.Build.0 = Release|Any CPU
		{7E2CAE4B-98D1-4A8E-AF2E-D7C6AFB2B4DD}.Release|x64.ActiveCfg = Release|Any CPU
		{7E2CAE4B-98D1-4A8E-AF2E-D7C6AFB2B4DD}.Release|x64.Build.0 = Release|Any CPU
		{7E2CAE4B-98D1-4A8E-AF2E-D7C6AFB2B4DD}.Release|x86.ActiveCfg = Release|Any CPU
		{7E2CAE4B-98D1-4A8E-AF2E-D7C6AFB2B4DD}.Release|x86.Build.0 = Release|Any CPU
		{D01619AB-2D55-45B0-9310-D9546E346A1B}.Debug|Any CPU.ActiveCfg = Debug|Any CPU
		{D01619AB-2D55-45B0-9310-D9546E346A1B}.Debug|Any CPU.Build.0 = Debug|Any CPU
		{D01619AB-2D55-45B0-9310-D9546E346A1B}.Debug|x64.ActiveCfg = Debug|Any CPU
		{D01619AB-2D55-45B0-9310-D9546E346A1B}.Debug|x64.Build.0 = Debug|Any CPU
		{D01619AB-2D55-45B0-9310-D9546E346A1B}.Debug|x86.ActiveCfg = Debug|Any CPU
		{D01619AB-2D55-45B0-9310-D9546E346A1B}.Debug|x86.Build.0 = Debug|Any CPU
		{D01619AB-2D55-45B0-9310-D9546E346A1B}.Release|Any CPU.ActiveCfg = Release|Any CPU
		{D01619AB-2D55-45B0-9310-D9546E346A1B}.Release|Any CPU.Build.0 = Release|Any CPU
		{D01619AB-2D55-45B0-9310-D9546E346A1B}.Release|x64.ActiveCfg = Release|Any CPU
		{D01619AB-2D55-45B0-9310-D9546E346A1B}.Release|x64.Build.0 = Release|Any CPU
		{D01619AB-2D55-45B0-9310-D9546E346A1B}.Release|x86.ActiveCfg = Release|Any CPU
		{D01619AB-2D55-45B0-9310-D9546E346A1B}.Release|x86.Build.0 = Release|Any CPU
		{5916F04D-7786-4690-8655-BC5A2E89ECE9}.Debug|Any CPU.ActiveCfg = Debug|Any CPU
		{5916F04D-7786-4690-8655-BC5A2E89ECE9}.Debug|Any CPU.Build.0 = Debug|Any CPU
		{5916F04D-7786-4690-8655-BC5A2E89ECE9}.Debug|x64.ActiveCfg = Debug|Any CPU
		{5916F04D-7786-4690-8655-BC5A2E89ECE9}.Debug|x64.Build.0 = Debug|Any CPU
		{5916F04D-7786-4690-8655-BC5A2E89ECE9}.Debug|x86.ActiveCfg = Debug|Any CPU
		{5916F04D-7786-4690-8655-BC5A2E89ECE9}.Debug|x86.Build.0 = Debug|Any CPU
		{5916F04D-7786-4690-8655-BC5A2E89ECE9}.Release|Any CPU.ActiveCfg = Release|Any CPU
		{5916F04D-7786-4690-8655-BC5A2E89ECE9}.Release|Any CPU.Build.0 = Release|Any CPU
		{5916F04D-7786-4690-8655-BC5A2E89ECE9}.Release|x64.ActiveCfg = Release|Any CPU
		{5916F04D-7786-4690-8655-BC5A2E89ECE9}.Release|x64.Build.0 = Release|Any CPU
		{5916F04D-7786-4690-8655-BC5A2E89ECE9}.Release|x86.ActiveCfg = Release|Any CPU
		{5916F04D-7786-4690-8655-BC5A2E89ECE9}.Release|x86.Build.0 = Release|Any CPU
	EndGlobalSection
	GlobalSection(SolutionProperties) = preSolution
		HideSolutionNode = FALSE
	EndGlobalSection
	GlobalSection(NestedProjects) = preSolution
		{D01619AB-2D55-45B0-9310-D9546E346A1B} = {83780E36-62A4-4496-9CBF-AE7106C79B0C}
		{5916F04D-7786-4690-8655-BC5A2E89ECE9} = {0AB3BF05-4346-4AA6-1389-037BE0695223}
	EndGlobalSection
	GlobalSection(ExtensibilityGlobals) = postSolution
		SolutionGuid = {A9F73DC7-58C5-46FC-A137-7FA09E691B55}
	EndGlobalSection
EndGlobal
